
Microsoft Visual Studio Solution File, Format Version 12.00
# Visual Studio Version 17
VisualStudioVersion = 17.7.34031.279
MinimumVisualStudioVersion = 10.0.40219.1
Project("{FAE04EC0-301F-11D3-BF4B-00C04F79EFBC}") = "PractiseLeetCode", "PractiseLeetCode\PractiseLeetCode.csproj", "{8F8D7282-D43D-447D-B6E2-FB1233CB1655}"
EndProject
Global
	GlobalSection(SolutionConfigurationPlatforms) = preSolution
		Debug|Any CPU = Debug|Any CPU
		Release|Any CPU = Release|Any CPU
	EndGlobalSection
	GlobalSection(ProjectConfigurationPlatforms) = postSolution
		{8F8D7282-D43D-447D-B6E2-FB1233CB1655}.Debug|Any CPU.ActiveCfg = Debug|Any CPU
		{8F8D7282-D43D-447D-B6E2-FB1233CB1655}.Debug|Any CPU.Build.0 = Debug|Any CPU
		{8F8D7282-D43D-447D-B6E2-FB1233CB1655}.Release|Any CPU.ActiveCfg = Release|Any CPU
		{8F8D7282-D43D-447D-B6E2-FB1233CB1655}.Release|Any CPU.Build.0 = Release|Any CPU
	EndGlobalSection
	GlobalSection(SolutionProperties) = preSolution
		HideSolutionNode = FALSE
	EndGlobalSection
	GlobalSection(ExtensibilityGlobals) = postSolution
		SolutionGuid = {CFFE003B-0056-4675-B358-305B25341D88}
	EndGlobalSection
EndGlobal
